{
  "nodes": {
    "crane": {
      "locked": {
        "lastModified": 1757183466,
        "narHash": "sha256-kTdCCMuRE+/HNHES5JYsbRHmgtr+l9mOtf5dpcMppVc=",
        "owner": "ipetkov",
        "repo": "crane",
        "rev": "d599ae4847e7f87603e7082d73ca673aa93c916d",
        "type": "github"
      },
      "original": {
        "owner": "ipetkov",
        "repo": "crane",
        "type": "github"
      }
    },
    "crate2nix": {
      "flake": false,
      "locked": {
        "lastModified": 1739473963,
        "narHash": "sha256-ItAhpjNUzEWd/cgZVyW/jvoGbCec4TK29e1Mnmn1oJE=",
        "owner": "nix-community",
        "repo": "crate2nix",
        "rev": "be31feae9a82c225c0fd1bdf978565dc452a483a",
        "type": "github"
      },
      "original": {
        "owner": "nix-community",
        "repo": "crate2nix",
        "type": "github"
      }
    },
    "dream2nix": {
      "flake": false,
      "locked": {
        "lastModified": 1754978539,
        "narHash": "sha256-nrDovydywSKRbWim9Ynmgj8SBm8LK3DI2WuhIqzOHYI=",
        "owner": "nix-community",
        "repo": "dream2nix",
        "rev": "fbec3263cb4895ac86ee9506cdc4e6919a1a2214",
        "type": "github"
      },
      "original": {
        "owner": "nix-community",
        "repo": "dream2nix",
        "type": "github"
      }
    },
    "emacs-overlay": {
      "inputs": {
        "nixpkgs": [
          "empty"
        ],
        "nixpkgs-stable": [
          "empty"
        ]
      },
      "locked": {
        "lastModified": 1757233165,
        "narHash": "sha256-JYnNi6csR2d2a4DJWzt176Y6+LGQkHRrLArawk0DsuA=",
        "owner": "nix-community",
        "repo": "emacs-overlay",
        "rev": "691ac84e299f043a189628c39691a3546177a0bc",
        "type": "github"
      },
      "original": {
        "owner": "nix-community",
        "repo": "emacs-overlay",
        "type": "github"
      }
    },
    "emacs29": {
      "flake": false,
      "locked": {
        "lastModified": 1719168862,
        "narHash": "sha256-v8rfz3k9OMyqoj7fLNLulYLOkg0fTKe3Pd0Wm8Ridfk=",
        "owner": "emacs-mirror",
        "repo": "emacs",
        "rev": "75ca15f2a3146b17fde5e2a50ad9102c6108ba7f",
        "type": "github"
      },
      "original": {
        "owner": "emacs-mirror",
        "ref": "emacs-29",
        "repo": "emacs",
        "type": "github"
      }
    },
    "emacs30": {
      "flake": false,
      "locked": {
        "lastModified": 1740328257,
        "narHash": "sha256-wBuWLuFzwB77FqAYAUuNe3CuJFutjqp0XGt5srt7jAo=",
        "owner": "emacs-mirror",
        "repo": "emacs",
        "rev": "8ac894e2246f25d2a2a97d866b10e6e0b0fede5a",
        "type": "github"
      },
      "original": {
        "owner": "emacs-mirror",
        "ref": "emacs-30.1",
        "repo": "emacs",
        "type": "github"
      }
    },
    "emacs31": {
      "flake": false,
      "locked": {
        "lastModified": 1757228445,
        "narHash": "sha256-hzT3a31O21LSvRZqqa1bCE4RIWwYM8ceHX7NJXQvbMs=",
        "owner": "emacs-mirror",
        "repo": "emacs",
        "rev": "baf5908caaa63d74fb795ca865b918b08ffdd01a",
        "type": "github"
      },
      "original": {
        "owner": "emacs-mirror",
        "ref": "master",
        "repo": "emacs",
        "type": "github"
      }
    },
    "empty": {
      "flake": false,
      "locked": {
        "lastModified": 1529089733,
        "narHash": "sha256-/xF1z60E3oL0y9WHeTM6/Gd+GtFMiZGHpyVj8Wc9fWA=",
        "owner": "sarcasticadmin",
        "repo": "empty-repo",
        "rev": "7fee966df87831bc18851d727a35acec8a29e0b5",
        "type": "github"
      },
      "original": {
        "owner": "sarcasticadmin",
        "repo": "empty-repo",
        "type": "github"
      }
    },
    "flake-compat": {
      "flake": false,
      "locked": {
        "lastModified": 1687265871,
        "narHash": "sha256-P8AOiQk/XN8/ia4289hDHlTfWB70cRQ5pc9GRfmEdpc=",
        "owner": "inclyc",
        "repo": "flake-compat",
        "rev": "70e56389c58bbd300d11778913b255477ebbae22",
        "type": "github"
      },
      "original": {
        "owner": "inclyc",
        "repo": "flake-compat",
        "type": "github"
      }
    },
    "flake-compat_2": {
      "flake": false,
      "locked": {
        "lastModified": 1747046372,
        "narHash": "sha256-CIVLLkVgvHYbgI2UpXvIIBJ12HWgX+fjA8Xf8PUmqCY=",
        "owner": "edolstra",
        "repo": "flake-compat",
        "rev": "9100a0f413b0c601e0533d1d94ffd501ce2e7885",
        "type": "github"
      },
      "original": {
        "owner": "edolstra",
        "repo": "flake-compat",
        "type": "github"
      }
    },
    "flake-parts": {
      "inputs": {
        "nixpkgs-lib": [
          "nixpkgs-lib"
        ]
      },
      "locked": {
        "lastModified": 1756770412,
        "narHash": "sha256-+uWLQZccFHwqpGqr2Yt5VsW/PbeJVTn9Dk6SHWhNRPw=",
        "owner": "hercules-ci",
        "repo": "flake-parts",
        "rev": "4524271976b625a4a605beefd893f270620fd751",
        "type": "github"
      },
      "original": {
        "owner": "hercules-ci",
        "repo": "flake-parts",
        "type": "github"
      }
    },
    "flake-utils": {
      "inputs": {
        "systems": "systems"
      },
      "locked": {
        "lastModified": 1731533236,
        "narHash": "sha256-l0KFg5HjrsfsO/JpG+r7fRrqm12kzFHyUHqHCVpMMbI=",
        "owner": "numtide",
        "repo": "flake-utils",
        "rev": "11707dc2f618dd54ca8739b309ec4fc024de578b",
        "type": "github"
      },
      "original": {
        "owner": "numtide",
        "repo": "flake-utils",
        "type": "github"
      }
    },
    "gitignore": {
      "inputs": {
        "nixpkgs": [
          "nixpkgs"
        ]
      },
      "locked": {
        "lastModified": 1709087332,
        "narHash": "sha256-HG2cCnktfHsKV0s4XW83gU3F57gaTljL9KNSuG6bnQs=",
        "owner": "hercules-ci",
        "repo": "gitignore.nix",
        "rev": "637db329424fd7e46cf4185293b9cc8c88c95394",
        "type": "github"
      },
      "original": {
        "owner": "hercules-ci",
        "repo": "gitignore.nix",
        "type": "github"
      }
    },
    "home-manager": {
      "inputs": {
        "nixpkgs": "nixpkgs"
      },
      "locked": {
        "lastModified": 1756679287,
        "narHash": "sha256-Xd1vOeY9ccDf5VtVK12yM0FS6qqvfUop8UQlxEB+gTQ=",
        "owner": "nix-community",
        "repo": "home-manager",
        "rev": "07fc025fe10487dd80f2ec694f1cd790e752d0e8",
        "type": "github"
      },
      "original": {
        "owner": "nix-community",
        "ref": "release-25.05",
        "repo": "home-manager",
        "type": "github"
      }
    },
    "iperf3": {
      "flake": false,
      "locked": {
        "lastModified": 1711397509,
        "narHash": "sha256-2qW8BJJsN2dPrgkoDz/dvd8KFEnWhRI2LOl1CBgRt6k=",
        "owner": "davidBar-On",
        "repo": "iperf",
        "rev": "197d8ba733f0502985abb5b0a22bf9f71c2596a7",
        "type": "github"
      },
      "original": {
        "owner": "davidBar-On",
        "ref": "issue-1095-socks5-support",
        "repo": "iperf",
        "type": "github"
      }
    },
    "mini-compile-commands": {
      "flake": false,
      "locked": {
        "lastModified": 1738386066,
        "narHash": "sha256-C/uPMzH/PWuBkWSpGYVV0egNGWfFyoWKuxdlCq32FfM=",
        "owner": "Alan-Chen99",
        "repo": "mini_compile_commands",
        "rev": "ebf9d4033db0d4de3990d8a14fa0e16eea776fe9",
        "type": "github"
      },
      "original": {
        "owner": "Alan-Chen99",
        "repo": "mini_compile_commands",
        "type": "github"
      }
    },
    "nix-filter": {
      "locked": {
        "lastModified": 1731533336,
        "narHash": "sha256-oRam5PS1vcrr5UPgALW0eo1m/5/pls27Z/pabHNy2Ms=",
        "owner": "numtide",
        "repo": "nix-filter",
        "rev": "f7653272fd234696ae94229839a99b73c9ab7de0",
        "type": "github"
      },
      "original": {
        "owner": "numtide",
        "repo": "nix-filter",
        "type": "github"
      }
    },
    "nix-gl": {
      "inputs": {
        "flake-utils": [
          "flake-utils"
        ],
        "nixpkgs": [
          "nixpkgs"
        ]
      },
      "locked": {
        "lastModified": 1752054764,
        "narHash": "sha256-Ob/HuUhANoDs+nvYqyTKrkcPXf4ZgXoqMTQoCK0RFgQ=",
        "owner": "guibou",
        "repo": "nixGL",
        "rev": "a8e1ce7d49a149ed70df676785b07f63288f53c5",
        "type": "github"
      },
      "original": {
        "owner": "guibou",
        "repo": "nixGL",
        "type": "github"
      }
    },
    "nix-index": {
      "inputs": {
        "flake-compat": "flake-compat_2",
        "nixpkgs": [
          "nixpkgs"
        ]
      },
      "locked": {
        "lastModified": 1756113554,
        "narHash": "sha256-fFDr5BYisjkEFSgf+dGJTuhMUaH0aVE6Qy3Ql2EOJ2I=",
        "owner": "nix-community",
        "repo": "nix-index",
        "rev": "0fc38040a22a08052103d0fbbafd67ac54165f2b",
        "type": "github"
      },
      "original": {
        "owner": "nix-community",
        "repo": "nix-index",
        "type": "github"
      }
    },
    "nix-index-database": {
      "inputs": {
        "nixpkgs": [
          "nixpkgs"
        ]
      },
      "locked": {
        "lastModified": 1757218147,
        "narHash": "sha256-IwOwN70HvoBNB2ckaROxcaCvj5NudNc52taPsv5wtLk=",
        "owner": "Mic92",
        "repo": "nix-index-database",
        "rev": "9b144dc3ef6e42b888c4190e02746aab13b0e97f",
        "type": "github"
      },
      "original": {
        "owner": "Mic92",
        "repo": "nix-index-database",
        "type": "github"
      }
    },
    "nix-ros-overlay": {
      "inputs": {
        "flake-utils": [
          "flake-utils"
        ],
        "nixpkgs": [
          "nixpkgs"
        ]
      },
      "locked": {
        "lastModified": 1744851421,
        "narHash": "sha256-kXtMDUh/cCU05lnajBkD1qCuqnkKpMdD3B94P1P7UhE=",
        "owner": "lopsided98",
        "repo": "nix-ros-overlay",
        "rev": "13bf45799fd80a2ea5356ff4a4b9a60434b1d217",
        "type": "github"
      },
      "original": {
        "owner": "lopsided98",
        "ref": "master",
        "repo": "nix-ros-overlay",
        "type": "github"
      }
    },
    "nixd": {
      "inputs": {
        "flake-parts": [
          "flake-parts"
        ],
        "nixpkgs": [
          "nixpkgs23-11"
        ]
      },
      "locked": {
        "lastModified": 1706867619,
        "narHash": "sha256-i/z5VnsWPWloQfdk48i+a4XaGnTMPJ6QougChkT9IWw=",
        "owner": "nix-community",
        "repo": "nixd",
        "rev": "af946bc6dddfb6f2fbf851dab1d824938520a1b9",
        "type": "github"
      },
      "original": {
        "owner": "nix-community",
        "ref": "release/1.2",
        "repo": "nixd",
        "type": "github"
      }
    },
    "nixpkgs": {
      "locked": {
        "lastModified": 1753345091,
        "narHash": "sha256-CdX2Rtvp5I8HGu9swBmYuq+ILwRxpXdJwlpg8jvN4tU=",
        "owner": "NixOS",
        "repo": "nixpkgs",
        "rev": "3ff0e34b1383648053bba8ed03f201d3466f90c9",
        "type": "github"
      },
      "original": {
        "owner": "NixOS",
        "ref": "nixos-25.05",
        "repo": "nixpkgs",
        "type": "github"
      }
    },
    "nixpkgs-lib": {
      "locked": {
        "lastModified": 1754788789,
        "narHash": "sha256-x2rJ+Ovzq0sCMpgfgGaaqgBSwY+LST+WbZ6TytnT9Rk=",
        "owner": "nix-community",
        "repo": "nixpkgs.lib",
        "rev": "a73b9c743612e4244d865a2fdee11865283c04e6",
        "type": "github"
      },
      "original": {
        "owner": "nix-community",
        "repo": "nixpkgs.lib",
        "type": "github"
      }
    },
    "nixpkgs-unstable": {
      "locked": {
        "lastModified": 1756911493,
        "narHash": "sha256-6n/n1GZQ/vi+LhFXMSyoseKdNfc2QQaSBXJdgamrbkE=",
        "owner": "nixos",
        "repo": "nixpkgs",
        "rev": "c6a788f552b7b7af703b1a29802a7233c0067908",
        "type": "github"
      },
      "original": {
        "owner": "nixos",
        "ref": "nixpkgs-unstable",
        "repo": "nixpkgs",
        "type": "github"
      }
    },
    "nixpkgs21-11": {
      "locked": {
        "lastModified": 1659446231,
        "narHash": "sha256-hekabNdTdgR/iLsgce5TGWmfIDZ86qjPhxDg/8TlzhE=",
        "owner": "nixos",
        "repo": "nixpkgs",
        "rev": "eabc38219184cc3e04a974fe31857d8e0eac098d",
        "type": "github"
      },
      "original": {
        "owner": "nixos",
        "ref": "nixos-21.11",
        "repo": "nixpkgs",
        "type": "github"
      }
    },
    "nixpkgs22-11": {
      "locked": {
        "lastModified": 1688392541,
        "narHash": "sha256-lHrKvEkCPTUO+7tPfjIcb7Trk6k31rz18vkyqmkeJfY=",
        "owner": "nixos",
        "repo": "nixpkgs",
        "rev": "ea4c80b39be4c09702b0cb3b42eab59e2ba4f24b",
        "type": "github"
      },
      "original": {
        "owner": "nixos",
        "ref": "nixos-22.11",
        "repo": "nixpkgs",
        "type": "github"
      }
    },
    "nixpkgs23-11": {
      "locked": {
        "lastModified": 1720535198,
        "narHash": "sha256-zwVvxrdIzralnSbcpghA92tWu2DV2lwv89xZc8MTrbg=",
        "owner": "nixos",
        "repo": "nixpkgs",
        "rev": "205fd4226592cc83fd4c0885a3e4c9c400efabb5",
        "type": "github"
      },
      "original": {
        "owner": "nixos",
        "ref": "nixos-23.11",
        "repo": "nixpkgs",
        "type": "github"
      }
    },
    "nixpkgs24-05": {
      "locked": {
        "lastModified": 1735563628,
        "narHash": "sha256-OnSAY7XDSx7CtDoqNh8jwVwh4xNL/2HaJxGjryLWzX8=",
        "owner": "nixos",
        "repo": "nixpkgs",
        "rev": "b134951a4c9f3c995fd7be05f3243f8ecd65d798",
        "type": "github"
      },
      "original": {
        "owner": "nixos",
        "ref": "nixos-24.05",
        "repo": "nixpkgs",
        "type": "github"
      }
    },
    "nixpkgs24-11": {
      "locked": {
        "lastModified": 1751274312,
        "narHash": "sha256-/bVBlRpECLVzjV19t5KMdMFWSwKLtb5RyXdjz3LJT+g=",
        "owner": "nixos",
        "repo": "nixpkgs",
        "rev": "50ab793786d9de88ee30ec4e4c24fb4236fc2674",
        "type": "github"
      },
      "original": {
        "owner": "nixos",
        "ref": "nixos-24.11",
        "repo": "nixpkgs",
        "type": "github"
      }
    },
    "nixpkgs_2": {
      "locked": {
        "lastModified": 1757020766,
        "narHash": "sha256-PLoSjHRa2bUbi1x9HoXgTx2AiuzNXs54c8omhadyvp0=",
        "owner": "nixos",
        "repo": "nixpkgs",
        "rev": "fe83bbdde2ccdc2cb9573aa846abe8363f79a97a",
        "type": "github"
      },
      "original": {
        "owner": "nixos",
        "ref": "nixos-25.05",
        "repo": "nixpkgs",
        "type": "github"
      }
    },
    "past-24-11-1": {
      "flake": false,
      "locked": {
        "lastModified": 1747859378,
        "narHash": "sha256-iFxAcxqggXO8hfDMCOTx7pmkDygvapzz+iiQu/OAA7c=",
        "owner": "Alan-Chen99",
        "repo": "dotfiles3",
        "rev": "2173a8e22920f7f605a38b6f1690d4610e87901c",
        "type": "github"
      },
      "original": {
        "owner": "Alan-Chen99",
        "ref": "24.11.1",
        "repo": "dotfiles3",
        "type": "github"
      }
    },
    "past-24-11-2": {
      "flake": false,
      "locked": {
        "lastModified": 1752001857,
        "narHash": "sha256-ZXC01i61vfg6cx+MDvzhVmwpwD+F615AWJkIR8sECeM=",
        "owner": "Alan-Chen99",
        "repo": "dotfiles3",
        "rev": "c95a547c034ce45934178de2728217cff28c804d",
        "type": "github"
      },
      "original": {
        "owner": "Alan-Chen99",
        "ref": "24.11.2",
        "repo": "dotfiles3",
        "type": "github"
      }
    },
    "poetry2nix": {
      "inputs": {
        "flake-utils": [
          "flake-utils"
        ],
        "nix-github-actions": [
          "empty"
        ],
        "nixpkgs": [
          "empty"
        ],
        "systems": [
          "systems"
        ],
        "treefmt-nix": [
          "empty"
        ]
      },
      "locked": {
        "lastModified": 1742326402,
        "narHash": "sha256-l0NFHpnH4dAzXIcr1XfCrSjdGUSO0lzG+EabGgtblas=",
        "owner": "Alan-Chen99",
        "repo": "poetry2nix",
        "rev": "84c497cfbe3d6157410296c60b5b351c64be91ae",
        "type": "github"
      },
      "original": {
        "owner": "Alan-Chen99",
        "repo": "poetry2nix",
        "type": "github"
      }
    },
    "pyproject-build-systems": {
      "inputs": {
        "nixpkgs": [
          "nixpkgs"
        ],
        "pyproject-nix": [
          "pyproject-nix"
        ],
        "uv2nix": [
          "uv2nix"
        ]
      },
      "locked": {
        "lastModified": 1756087852,
        "narHash": "sha256-4jc3JDQt75fYXFrglgqyzF6C6zLU0QGLymzian4aP+U=",
        "owner": "pyproject-nix",
        "repo": "build-system-pkgs",
        "rev": "6edb3ae27395cd88be3d64b732d1539957dad59c",
        "type": "github"
      },
      "original": {
        "owner": "pyproject-nix",
        "repo": "build-system-pkgs",
        "type": "github"
      }
    },
    "pyproject-nix": {
      "inputs": {
        "nixpkgs": [
          "nixpkgs"
        ]
      },
      "locked": {
        "lastModified": 1756395552,
        "narHash": "sha256-5aJM14MpoLk2cdZAetu60OkLQrtFLWTICAyn1EP7ZpM=",
        "owner": "pyproject-nix",
        "repo": "pyproject.nix",
        "rev": "030dffc235dcf240d918c651c78dc5f158067b51",
        "type": "github"
      },
      "original": {
        "owner": "pyproject-nix",
        "repo": "pyproject.nix",
        "type": "github"
      }
    },
    "racket-fmt": {
      "flake": false,
      "locked": {
        "lastModified": 1753916969,
        "narHash": "sha256-/oLq5WPpK/OO3ED7PBKTMCjDxTBy8+ZjoL/WPPC1zlU=",
        "owner": "sorawee",
        "repo": "fmt",
        "rev": "002818ec08ad6e5e01f79e6209b69203581d6adc",
        "type": "github"
      },
      "original": {
        "owner": "sorawee",
        "repo": "fmt",
        "type": "github"
      }
    },
    "racket2nix": {
      "flake": false,
      "locked": {
        "lastModified": 1691691602,
        "narHash": "sha256-8mR8AhrT01cNI4yWrTamDlFkJ1LdyU1HKGgJ890VsvQ=",
        "owner": "dwarfmaster",
        "repo": "racket2nix",
        "rev": "d97245f996a55262c4999fe7b8797a1c26565248",
        "type": "github"
      },
      "original": {
        "owner": "dwarfmaster",
        "repo": "racket2nix",
        "type": "github"
      }
    },
    "root": {
      "inputs": {
        "crane": "crane",
        "crate2nix": "crate2nix",
        "dream2nix": "dream2nix",
        "emacs-overlay": "emacs-overlay",
        "emacs29": "emacs29",
        "emacs30": "emacs30",
        "emacs31": "emacs31",
        "empty": "empty",
        "flake-compat": "flake-compat",
        "flake-parts": "flake-parts",
        "flake-utils": "flake-utils",
        "gitignore": "gitignore",
        "home-manager": "home-manager",
        "iperf3": "iperf3",
        "mini-compile-commands": "mini-compile-commands",
        "nix-filter": "nix-filter",
        "nix-gl": "nix-gl",
        "nix-index": "nix-index",
        "nix-index-database": "nix-index-database",
        "nix-ros-overlay": "nix-ros-overlay",
        "nixd": "nixd",
        "nixpkgs": "nixpkgs_2",
        "nixpkgs-lib": "nixpkgs-lib",
        "nixpkgs-unstable": "nixpkgs-unstable",
        "nixpkgs21-11": "nixpkgs21-11",
        "nixpkgs22-11": "nixpkgs22-11",
        "nixpkgs23-11": "nixpkgs23-11",
        "nixpkgs24-05": "nixpkgs24-05",
        "nixpkgs24-11": "nixpkgs24-11",
        "past-24-11-1": "past-24-11-1",
        "past-24-11-2": "past-24-11-2",
        "poetry2nix": "poetry2nix",
        "pyproject-build-systems": "pyproject-build-systems",
        "pyproject-nix": "pyproject-nix",
        "racket-fmt": "racket-fmt",
        "racket2nix": "racket2nix",
        "rust-overlay": "rust-overlay",
        "schemat": "schemat",
        "systems": [
          "flake-utils",
          "systems"
        ],
        "update-python": "update-python",
        "uv": "uv",
        "uv-upgrade": "uv-upgrade",
        "uv2nix": "uv2nix",
        "uv2nix_hammer_overrides": "uv2nix_hammer_overrides",
        "z3": "z3"
      }
    },
    "rust-overlay": {
      "inputs": {
        "nixpkgs": [
          "nixpkgs"
        ]
      },
      "locked": {
        "lastModified": 1762051177,
        "narHash": "sha256-pESNTx/m3WnrYx+OujBtDP5Bj0/mAyHa4MgEwzkgkLE=",
        "owner": "oxalica",
        "repo": "rust-overlay",
        "rev": "08c33e87c4829bbdd42b5af247cf7a19e126369f",
        "type": "github"
      },
      "original": {
        "owner": "oxalica",
        "repo": "rust-overlay",
        "type": "github"
      }
    },
    "schemat": {
      "flake": false,
      "locked": {
        "lastModified": 1756935454,
        "narHash": "sha256-8P+vY5xqoKPd5SW5TH9/g1GUABuN+2lW9W7LqcuQOTU=",
        "owner": "raviqqe",
        "repo": "schemat",
        "rev": "a6dfed00593613dcfd1f5eb34df7e3de7bc3f0e1",
        "type": "github"
      },
      "original": {
        "owner": "raviqqe",
        "repo": "schemat",
        "type": "github"
      }
    },
    "systems": {
      "locked": {
        "lastModified": 1681028828,
        "narHash": "sha256-Vy1rq5AaRuLzOxct8nz4T6wlgyUR7zLU309k9mBC768=",
        "owner": "nix-systems",
        "repo": "default",
        "rev": "da67096a3b9bf56a91d16901293e51ba5b49a27e",
        "type": "github"
      },
      "original": {
        "owner": "nix-systems",
        "repo": "default",
        "type": "github"
      }
    },
    "update-python": {
      "flake": false,
      "locked": {
        "lastModified": 1753173197,
        "narHash": "sha256-Ecnsftjl4SKI0fQM7MO1KYVZ0UaGK3iY5NXC3Rh7sPI=",
        "owner": "Alan-Chen99",
        "repo": "dotfiles3",
        "rev": "26a520fcb6732654a0527c828053a57aa14b977a",
        "type": "github"
      },
      "original": {
        "owner": "Alan-Chen99",
        "ref": "update-python-deps",
        "repo": "dotfiles3",
        "type": "github"
      }
    },
    "uv": {
      "flake": false,
      "locked": {
        "lastModified": 1761860871,
        "narHash": "sha256-I0Oe6vaH7iQh+Ubp5RIk8Ol6Ni7OPu8HKX0fqLdewyk=",
        "owner": "astral-sh",
        "repo": "uv",
        "rev": "0adb444806e8bcea7e7a5e9ae90d1288778a0b54",
        "type": "github"
      },
      "original": {
        "owner": "astral-sh",
        "ref": "0.9.7",
        "repo": "uv",
        "type": "github"
      }
    },
    "uv-upgrade": {
      "flake": false,
      "locked": {
        "lastModified": 1760772948,
        "narHash": "sha256-MoZFJHtGiVyqlm6i1XpZcKVfsFtOJJx1bRm72Au4x+g=",
        "owner": "astral-sh",
        "repo": "uv",
        "rev": "cdbf28b31bcd5cebce1df7059fc49cf2d462c33e",
        "type": "github"
      },
      "original": {
        "owner": "astral-sh",
        "ref": "refs/pull/13934/head",
        "repo": "uv",
        "type": "github"
      }
    },
    "uv2nix": {
      "inputs": {
        "nixpkgs": [
          "nixpkgs"
        ],
        "pyproject-nix": [
          "pyproject-nix"
        ]
      },
      "locked": {
        "lastModified": 1756973152,
        "narHash": "sha256-9JcKAA7T9J98LWdcxbXvmf+amQG3ZErxqQnBjEJI04I=",
        "owner": "pyproject-nix",
        "repo": "uv2nix",
        "rev": "64298e806f4a5f63a51c625edc100348138491aa",
        "type": "github"
      },
      "original": {
        "owner": "pyproject-nix",
        "repo": "uv2nix",
        "type": "github"
      }
    },
    "uv2nix_hammer_overrides": {
      "inputs": {
        "nixpkgs": [
          "nixpkgs"
        ],
        "systems": [
          "systems"
        ],
        "treefmt-nix": [
          "empty"
        ]
      },
      "locked": {
        "lastModified": 1752080735,
        "narHash": "sha256-jrxqssrqRK6I6V6wBt7rp4B/jIXIgQNsXXeV+yguuJs=",
        "owner": "TyberiusPrime",
        "repo": "uv2nix_hammer_overrides",
        "rev": "68d84fd911afa2383a1c1cb28712ca1d090a8c32",
        "type": "github"
      },
      "original": {
        "owner": "TyberiusPrime",
        "repo": "uv2nix_hammer_overrides",
        "type": "github"
      }
    },
    "z3": {
      "flake": false,
      "locked": {
        "lastModified": 1674011426,
        "narHash": "sha256-7cuUf29TMpX62PwO1ab3ZuzmzlcrRjTKB1CyXnYgYus=",
        "owner": "Z3Prover",
        "repo": "z3",
        "rev": "3012293c35eadbfd73e5b94adbe50b0cc44ffb83",
        "type": "github"
      },
      "original": {
        "owner": "Z3Prover",
        "ref": "z3-4.12.1",
        "repo": "z3",
        "type": "github"
      }
    }
  },
  "root": "root",
  "version": 7
}
